hash: 2c6b226af516a8cc1bb97dc5ea36784cfbdadd03b1b8e6b2aa2d1aebb84e18ee
updated: 2017-07-27T16:06:10.297321746+02:00
imports:
- name: github.com/giantswarm/microerror
  version: 7bf6a0a6d24b1e3a03af3ed3a8e3531d792ea3e3
- name: github.com/go-kit/kit
  version: f66b0e13579bfc5a48b9e2a94b1209c107ea1f41
  subpackages:
  - log
- name: github.com/go-logfmt/logfmt
  version: 390ab7935ee28ec6b286364bba9b4dd6410cb3d5
- name: github.com/go-stack/stack
  version: 54be5f394ed2c3e19dac9134a40a95ba5a017f7b
- name: github.com/juju/errgo
  version: 08cceb5d0b5331634b9826762a8fd53b29b86ad8
- name: github.com/kr/logfmt
  version: b84e30acd515aadc4b783ad4ff83aff3299bdfe0
testImports: []
