github.com/giantswarm/microerror v0.1.1-0.20200204123133-8f12df8fee02 h1:ysrMgNgVhyPy0+wnAc/136jo1IDLZzWQeCz033vLTZk=
github.com/giantswarm/microerror v0.1.1-0.20200204123133-8f12df8fee02/go.mod h1://Lo9dKJ8P2TBciuky5fDHEItccyvZOWE+B/0JiJT8A=
github.com/giantswarm/microerror v0.1.1-0.20200205143715-01b76f66cae6 h1:lJr756ZiXB9+n9pCUjMMNKKf+Lli3qQsybugFxx7Gjo=
github.com/giantswarm/microerror v0.1.1-0.20200205143715-01b76f66cae6/go.mod h1://Lo9dKJ8P2TBciuky5fDHEItccyvZOWE+B/0JiJT8A=
github.com/go-kit/kit v0.6.0 h1:wTifptAGIyIuir4bRyN4h7+kAa2a4eepLYVmRe5qqQ8=
github.com/go-kit/kit v0.6.0/go.mod h1:xBxKIO96dXMWWy0MnWVtmwkA9/13aqxPnvrjFYMA2as=
github.com/go-logfmt/logfmt v0.3.0 h1:8HUsc87TaSWLKwrnumgC8/YconD2fJQsRJAsWaPg2ic=
github.com/go-logfmt/logfmt v0.3.0/go.mod h1:Qt1PoO58o5twSAckw1HlFXLmHsOX5/0LbT9GBnD5lWE=
github.com/go-stack/stack v1.7.0 h1:S04+lLfST9FvL8dl4R31wVUC/paZp/WQZbLmUgWboGw=
github.com/go-stack/stack v1.7.0/go.mod h1:v0f6uXyyMGvRgIKkXu+yp6POWl0qKG85gN/melR3HDY=
github.com/google/go-cmp v0.3.1 h1:Xye71clBPdm5HgqGwUkwhbynsUJZhDbS20FvLhQ2izg=
github.com/google/go-cmp v0.3.1/go.mod h1:8QqcDgzrUqlUb/G2PQTWiueGozuR1884gddMywk6iLU=
github.com/kr/logfmt v0.0.0-20140226030751-b84e30acd515 h1:T+h1c/A9Gawja4Y9mFVWj2vyii2bbUNDw3kt9VxK2EY=
github.com/kr/logfmt v0.0.0-20140226030751-b84e30acd515/go.mod h1:+0opPa2QZZtGFBFZlji/RkVcI2GknAs/DXo4wKdlNEc=
