# This file is autogenerated, do not edit; changes may be undone by the next 'dep ensure'.


[[projects]]
  branch = "use-errors-package"
  digest = "1:649f913762e10d391f778a2925f8be65328effe23fcc1e1cd9c220b2a8677b0f"
  name = "github.com/giantswarm/microerror"
  packages = ["."]
  pruneopts = ""
  revision = "9616b15574a677d15c610e72c80124bb94a347c4"

[[projects]]
  digest = "1:44ec1082ba97d89ce860abcc6ee3f0cf24e658d3efb8531b0f0a52f0781e4243"
  name = "github.com/go-kit/kit"
  packages = ["log"]
  pruneopts = ""
  revision = "4dc7be5d2d12881735283bcab7352178e190fc71"
  version = "v0.6.0"

[[projects]]
  digest = "1:6a4a01d58b227c4b6b11111b9f172ec5c17682b82724e58e6daf3f19f4faccd8"
  name = "github.com/go-logfmt/logfmt"
  packages = ["."]
  pruneopts = ""
  revision = "390ab7935ee28ec6b286364bba9b4dd6410cb3d5"
  version = "v0.3.0"

[[projects]]
  digest = "1:9ca737b471693542351e112c9e86be9bf7385e42256893a09ecb2a98e2036f74"
  name = "github.com/go-stack/stack"
  packages = ["."]
  pruneopts = ""
  revision = "259ab82a6cad3992b4e21ff5cac294ccb06474bc"
  version = "v1.7.0"

[[projects]]
  branch = "master"
  digest = "1:1ed9eeebdf24aadfbca57eb50e6455bd1d2474525e0f0d4454de8c8e9bc7ee9a"
  name = "github.com/kr/logfmt"
  packages = ["."]
  pruneopts = ""
  revision = "b84e30acd515aadc4b783ad4ff83aff3299bdfe0"

[solve-meta]
  analyzer-name = "dep"
  analyzer-version = 1
  input-imports = [
    "github.com/giantswarm/microerror",
    "github.com/go-kit/kit/log",
    "github.com/go-stack/stack",
  ]
  solver-name = "gps-cdcl"
  solver-version = 1
